{
    "version": 3,
    "terraform_version": "0.11.13",
    "serial": 3,
    "lineage": "e6f1a98c-3c09-20bb-4e0b-2cd12ad325e8",
    "modules": [
        {
            "path": [
                "root"
            ],
            "outputs": {
                "ip": {
                    "sensitive": false,
                    "type": "string",
                    "value": "3.94.220.199"
                }
            },
            "resources": {
                "aws_eip.ip": {
                    "type": "aws_eip",
                    "depends_on": [
                        "aws_instance.example"
                    ],
                    "primary": {
                        "id": "eipalloc-04de4b9a0099b07b6",
                        "attributes": {
                            "association_id": "eipassoc-0fc5f6bf4ee487eee",
                            "domain": "vpc",
                            "id": "eipalloc-04de4b9a0099b07b6",
                            "instance": "i-032cb112c4a5147aa",
                            "network_interface": "eni-05f5c224b009eb1e7",
                            "private_dns": "ip-172-31-50-60.ec2.internal",
                            "private_ip": "172.31.50.60",
                            "public_dns": "ec2-3-94-220-199.compute-1.amazonaws.com",
                            "public_ip": "3.94.220.199",
                            "public_ipv4_pool": "amazon",
                            "tags.%": "0",
                            "vpc": "true"
                        },
                        "meta": {
                            "e2bfb730-ecaa-11e6-8f88-34363bc7c4c0": {
                                "delete": 180000000000,
                                "read": 900000000000,
                                "update": 300000000000
                            }
                        },
                        "tainted": false
                    },
                    "deposed": [],
                    "provider": "provider.aws"
                },
                "aws_instance.example": {
                    "type": "aws_instance",
                    "depends_on": [],
                    "primary": {
                        "id": "i-032cb112c4a5147aa",
                        "attributes": {
                            "ami": "ami-b374d5a5",
                            "arn": "arn:aws:ec2:us-east-1:324218975267:instance/i-032cb112c4a5147aa",
                            "associate_public_ip_address": "true",
                            "availability_zone": "us-east-1d",
                            "cpu_core_count": "1",
                            "cpu_threads_per_core": "1",
                            "credit_specification.#": "1",
                            "credit_specification.0.cpu_credits": "standard",
                            "disable_api_termination": "false",
                            "ebs_block_device.#": "0",
                            "ebs_optimized": "false",
                            "ephemeral_block_device.#": "0",
                            "get_password_data": "false",
                            "iam_instance_profile": "",
                            "id": "i-032cb112c4a5147aa",
                            "instance_state": "running",
                            "instance_type": "t2.micro",
                            "ipv6_address_count": "0",
                            "ipv6_addresses.#": "0",
                            "key_name": "",
                            "monitoring": "false",
                            "network_interface.#": "0",
                            "password_data": "",
                            "placement_group": "",
                            "primary_network_interface_id": "eni-05f5c224b009eb1e7",
                            "private_dns": "ip-172-31-50-60.ec2.internal",
                            "private_ip": "172.31.50.60",
                            "public_dns": "ec2-54-88-37-138.compute-1.amazonaws.com",
                            "public_ip": "54.88.37.138",
                            "root_block_device.#": "1",
                            "root_block_device.0.delete_on_termination": "true",
                            "root_block_device.0.iops": "100",
                            "root_block_device.0.volume_id": "vol-0722b862521d17100",
                            "root_block_device.0.volume_size": "8",
                            "root_block_device.0.volume_type": "gp2",
                            "security_groups.#": "1",
                            "security_groups.3814588639": "default",
                            "source_dest_check": "true",
                            "subnet_id": "subnet-a7174d8c",
                            "tags.%": "0",
                            "tenancy": "default",
                            "volume_tags.%": "0",
                            "vpc_security_group_ids.#": "1",
                            "vpc_security_group_ids.1142354585": "sg-d415f2b2"
                        },
                        "meta": {
                            "e2bfb730-ecaa-11e6-8f88-34363bc7c4c0": {
                                "create": 600000000000,
                                "delete": 1200000000000,
                                "update": 600000000000
                            },
                            "schema_version": "1"
                        },
                        "tainted": false
                    },
                    "deposed": [],
                    "provider": "provider.aws"
                }
            },
            "depends_on": []
        }
    ]
}
